
Microsoft Visual Studio Solution File, Format Version 12.00
# Visual Studio Version 16
VisualStudioVersion = 16.0.30413.136
MinimumVisualStudioVersion = 10.0.40219.1
Project("{2150E333-8FDC-42A3-9474-1A3956D46DE8}") = "Solution Items", "Solution Items", "{C3177472-ED49-496E-B6A6-078780C322C4}"
	ProjectSection(SolutionItems) = preProject
		.editorconfig = .editorconfig
		.gitignore = .gitignore
	EndProjectSection
EndProject
Project("{2150E333-8FDC-42A3-9474-1A3956D46DE8}") = "src", "src", "{CC8EACB1-0C4A-456E-9A99-AEE5BB64CADF}"
EndProject
Project("{9A19103F-16F7-4668-BE54-9A1E7A4F7556}") = "EthernaCreditClient", "src\EthernaCreditClient\EthernaCreditClient.csproj", "{54CD0D09-BC23-4161-8670-CCF5E60CBAFC}"
EndProject
Project("{2150E333-8FDC-42A3-9474-1A3956D46DE8}") = "samples", "samples", "{A114E283-B827-40F8-9180-E13DD3C455CD}"
EndProject
Project("{FAE04EC0-301F-11D3-BF4B-00C04F79EFBC}") = "ClientSample", "samples\ClientSample\ClientSample.csproj", "{1728D8F5-2BD0-4303-8CDD-F9761E1D4410}"
EndProject
Project("{2150E333-8FDC-42A3-9474-1A3956D46DE8}") = "workflows", "workflows", "{2D50CC62-DF5A-4AD0-9042-26308DD057EE}"
	ProjectSection(SolutionItems) = preProject
		.github\workflows\myget-deploy.yml = .github\workflows\myget-deploy.yml
	EndProjectSection
EndProject
Global
	GlobalSection(SolutionConfigurationPlatforms) = preSolution
		Debug|Any CPU = Debug|Any CPU
		Release|Any CPU = Release|Any CPU
	EndGlobalSection
	GlobalSection(ProjectConfigurationPlatforms) = postSolution
		{54CD0D09-BC23-4161-8670-CCF5E60CBAFC}.Debug|Any CPU.ActiveCfg = Debug|Any CPU
		{54CD0D09-BC23-4161-8670-CCF5E60CBAFC}.Debug|Any CPU.Build.0 = Debug|Any CPU
		{54CD0D09-BC23-4161-8670-CCF5E60CBAFC}.Release|Any CPU.ActiveCfg = Release|Any CPU
		{54CD0D09-BC23-4161-8670-CCF5E60CBAFC}.Release|Any CPU.Build.0 = Release|Any CPU
		{1728D8F5-2BD0-4303-8CDD-F9761E1D4410}.Debug|Any CPU.ActiveCfg = Debug|Any CPU
		{1728D8F5-2BD0-4303-8CDD-F9761E1D4410}.Debug|Any CPU.Build.0 = Debug|Any CPU
		{1728D8F5-2BD0-4303-8CDD-F9761E1D4410}.Release|Any CPU.ActiveCfg = Release|Any CPU
		{1728D8F5-2BD0-4303-8CDD-F9761E1D4410}.Release|Any CPU.Build.0 = Release|Any CPU
	EndGlobalSection
	GlobalSection(SolutionProperties) = preSolution
		HideSolutionNode = FALSE
	EndGlobalSection
	GlobalSection(NestedProjects) = preSolution
		{54CD0D09-BC23-4161-8670-CCF5E60CBAFC} = {CC8EACB1-0C4A-456E-9A99-AEE5BB64CADF}
		{1728D8F5-2BD0-4303-8CDD-F9761E1D4410} = {A114E283-B827-40F8-9180-E13DD3C455CD}
		{2D50CC62-DF5A-4AD0-9042-26308DD057EE} = {C3177472-ED49-496E-B6A6-078780C322C4}
	EndGlobalSection
	GlobalSection(ExtensibilityGlobals) = postSolution
		SolutionGuid = {E7539252-E55D-43C2-B2C5-C9A77D191087}
	EndGlobalSection
EndGlobal
